
Microsoft Visual Studio Solution File, Format Version 12.00
# Visual Studio Version 16
VisualStudioVersion = 16.0.30717.126
MinimumVisualStudioVersion = 10.0.40219.1
Project("{9A19103F-16F7-4668-BE54-9A1E7A4F7556}") = "LibraryService", "LibraryService\LibraryService.csproj", "{3816C602-4C65-4FC3-9B82-6884175A233F}"
EndProject
Project("{9A19103F-16F7-4668-BE54-9A1E7A4F7556}") = "LibraryCore", "LibraryCore\LibraryCore.csproj", "{9F7E1EF8-EAB3-4870-927E-9368EE05AEDA}"
EndProject
Project("{9A19103F-16F7-4668-BE54-9A1E7A4F7556}") = "LibraryCommon", "LibraryCommon\LibraryCommon.csproj", "{EB3E9921-6964-48C4-806A-6B654CF44685}"
EndProject
Project("{FAE04EC0-301F-11D3-BF4B-00C04F79EFBC}") = "LibraryServiceTests", "LibraryServiceTests\LibraryServiceTests.csproj", "{2E220A89-3E99-4729-A690-722EE3768AC5}"
EndProject
Global
	GlobalSection(SolutionConfigurationPlatforms) = preSolution
		Debug|Any CPU = Debug|Any CPU
		Release|Any CPU = Release|Any CPU
	EndGlobalSection
	GlobalSection(ProjectConfigurationPlatforms) = postSolution
		{3816C602-4C65-4FC3-9B82-6884175A233F}.Debug|Any CPU.ActiveCfg = Debug|Any CPU
		{3816C602-4C65-4FC3-9B82-6884175A233F}.Debug|Any CPU.Build.0 = Debug|Any CPU
		{3816C602-4C65-4FC3-9B82-6884175A233F}.Release|Any CPU.ActiveCfg = Release|Any CPU
		{3816C602-4C65-4FC3-9B82-6884175A233F}.Release|Any CPU.Build.0 = Release|Any CPU
		{9F7E1EF8-EAB3-4870-927E-9368EE05AEDA}.Debug|Any CPU.ActiveCfg = Debug|Any CPU
		{9F7E1EF8-EAB3-4870-927E-9368EE05AEDA}.Debug|Any CPU.Build.0 = Debug|Any CPU
		{9F7E1EF8-EAB3-4870-927E-9368EE05AEDA}.Release|Any CPU.ActiveCfg = Release|Any CPU
		{9F7E1EF8-EAB3-4870-927E-9368EE05AEDA}.Release|Any CPU.Build.0 = Release|Any CPU
		{EB3E9921-6964-48C4-806A-6B654CF44685}.Debug|Any CPU.ActiveCfg = Debug|Any CPU
		{EB3E9921-6964-48C4-806A-6B654CF44685}.Debug|Any CPU.Build.0 = Debug|Any CPU
		{EB3E9921-6964-48C4-806A-6B654CF44685}.Release|Any CPU.ActiveCfg = Release|Any CPU
		{EB3E9921-6964-48C4-806A-6B654CF44685}.Release|Any CPU.Build.0 = Release|Any CPU
		{2E220A89-3E99-4729-A690-722EE3768AC5}.Debug|Any CPU.ActiveCfg = Debug|Any CPU
		{2E220A89-3E99-4729-A690-722EE3768AC5}.Debug|Any CPU.Build.0 = Debug|Any CPU
		{2E220A89-3E99-4729-A690-722EE3768AC5}.Release|Any CPU.ActiveCfg = Release|Any CPU
		{2E220A89-3E99-4729-A690-722EE3768AC5}.Release|Any CPU.Build.0 = Release|Any CPU
	EndGlobalSection
	GlobalSection(SolutionProperties) = preSolution
		HideSolutionNode = FALSE
	EndGlobalSection
	GlobalSection(ExtensibilityGlobals) = postSolution
		SolutionGuid = {06523E07-168B-4886-AADD-DE5916ED43D8}
	EndGlobalSection
EndGlobal
